// !$*UTF8*$!
{
	archiveVersion = 1;
	classes = {
	};
	objectVersion = 46;
	objects = {

/* Begin PBXBuildFile section */
		1673F5BB398B918EB043A402 /* Pods_PokeFinderUITests.framework in Frameworks */ = {isa = PBXBuildFile; fileRef = 17AC45DF8E90107A11F1B5FB /* Pods_PokeFinderUITests.framework */; };
		446D15CDD3C4C3AA5B725D11 /* Pods_PokeFinder.framework in Frameworks */ = {isa = PBXBuildFile; fileRef = 4A6FA0330F861DABACAFE0F6 /* Pods_PokeFinder.framework */; };
		4ABD3BEEAD217F5395037332 /* Pods_PokeFinderTests.framework in Frameworks */ = {isa = PBXBuildFile; fileRef = 275ED71EAE481BAE4923215D /* Pods_PokeFinderTests.framework */; };
		8434760F1E0AE50F00E81377 /* PokeAnnotation.swift in Sources */ = {isa = PBXBuildFile; fileRef = 8434760E1E0AE50F00E81377 /* PokeAnnotation.swift */; };
		84A95B121E09B7F500D7DB37 /* GeoFire.m in Sources */ = {isa = PBXBuildFile; fileRef = 84A95B091E09B7F500D7DB37 /* GeoFire.m */; };
		84A95B131E09B7F500D7DB37 /* GFBase32Utils.m in Sources */ = {isa = PBXBuildFile; fileRef = 84A95B0B1E09B7F500D7DB37 /* GFBase32Utils.m */; };
		84A95B141E09B7F500D7DB37 /* GFGeoHash.m in Sources */ = {isa = PBXBuildFile; fileRef = 84A95B0D1E09B7F500D7DB37 /* GFGeoHash.m */; };
		84A95B151E09B7F500D7DB37 /* GFGeoHashQuery.m in Sources */ = {isa = PBXBuildFile; fileRef = 84A95B0F1E09B7F500D7DB37 /* GFGeoHashQuery.m */; };
		84A95B161E09B7F500D7DB37 /* GFQuery.m in Sources */ = {isa = PBXBuildFile; fileRef = 84A95B111E09B7F500D7DB37 /* GFQuery.m */; };
		84C065CA1E05348F00C9B366 /* AppDelegate.swift in Sources */ = {isa = PBXBuildFile; fileRef = 84C065C91E05348F00C9B366 /* AppDelegate.swift */; };
		84C065CC1E05348F00C9B366 /* ViewController.swift in Sources */ = {isa = PBXBuildFile; fileRef = 84C065CB1E05348F00C9B366 /* ViewController.swift */; };
		84C065CF1E05348F00C9B366 /* Main.storyboard in Resources */ = {isa = PBXBuildFile; fileRef = 84C065CD1E05348F00C9B366 /* Main.storyboard */; };
		84C065D21E05348F00C9B366 /* PokeFinder.xcdatamodeld in Sources */ = {isa = PBXBuildFile; fileRef = 84C065D01E05348F00C9B366 /* PokeFinder.xcdatamodeld */; };
		84C065D41E05348F00C9B366 /* Assets.xcassets in Resources */ = {isa = PBXBuildFile; fileRef = 84C065D31E05348F00C9B366 /* Assets.xcassets */; };
		84C065D71E05348F00C9B366 /* LaunchScreen.storyboard in Resources */ = {isa = PBXBuildFile; fileRef = 84C065D51E05348F00C9B366 /* LaunchScreen.storyboard */; };
		84C065E21E05348F00C9B366 /* PokeFinderTests.swift in Sources */ = {isa = PBXBuildFile; fileRef = 84C065E11E05348F00C9B366 /* PokeFinderTests.swift */; };
		84C065ED1E05348F00C9B366 /* PokeFinderUITests.swift in Sources */ = {isa = PBXBuildFile; fileRef = 84C065EC1E05348F00C9B366 /* PokeFinderUITests.swift */; };
		84E18D2D1E0AE15F005ECCAD /* GoogleService-Info.plist in Resources */ = {isa = PBXBuildFile; fileRef = 84E18D2C1E0AE15F005ECCAD /* GoogleService-Info.plist */; };
		84FC50D61E0C266100D1FC1D /* pokemon.csv in Resources */ = {isa = PBXBuildFile; fileRef = 84FC50D51E0C266100D1FC1D /* pokemon.csv */; };
/* End PBXBuildFile section */

/* Begin PBXContainerItemProxy section */
		84C065DE1E05348F00C9B366 /* PBXContainerItemProxy */ = {
			isa = PBXContainerItemProxy;
			containerPortal = 84C065BE1E05348F00C9B366 /* Project object */;
			proxyType = 1;
			remoteGlobalIDString = 84C065C51E05348F00C9B366;
			remoteInfo = PokeFinder;
		};
		84C065E91E05348F00C9B366 /* PBXContainerItemProxy */ = {
			isa = PBXContainerItemProxy;
			containerPortal = 84C065BE1E05348F00C9B366 /* Project object */;
			proxyType = 1;
			remoteGlobalIDString = 84C065C51E05348F00C9B366;
			remoteInfo = PokeFinder;
		};
/* End PBXContainerItemProxy section */

/* Begin PBXFileReference section */
		0DD0EE27DDD8F19FBCC477A3 /* Pods-PokeFinderTests.release.xcconfig */ = {isa = PBXFileReference; includeInIndex = 1; lastKnownFileType = text.xcconfig; name = "Pods-PokeFinderTests.release.xcconfig"; path = "Pods/Target Support Files/Pods-PokeFinderTests/Pods-PokeFinderTests.release.xcconfig"; sourceTree = "<group>"; };
		17AC45DF8E90107A11F1B5FB /* Pods_PokeFinderUITests.framework */ = {isa = PBXFileReference; explicitFileType = wrapper.framework; includeInIndex = 0; path = Pods_PokeFinderUITests.framework; sourceTree = BUILT_PRODUCTS_DIR; };
		202264A8575CD6EB3977EBE8 /* Pods-PokeFinder.release.xcconfig */ = {isa = PBXFileReference; includeInIndex = 1; lastKnownFileType = text.xcconfig; name = "Pods-PokeFinder.release.xcconfig"; path = "Pods/Target Support Files/Pods-PokeFinder/Pods-PokeFinder.release.xcconfig"; sourceTree = "<group>"; };
		275ED71EAE481BAE4923215D /* Pods_PokeFinderTests.framework */ = {isa = PBXFileReference; explicitFileType = wrapper.framework; includeInIndex = 0; path = Pods_PokeFinderTests.framework; sourceTree = BUILT_PRODUCTS_DIR; };
		389157924AFB51E1F80E3A23 /* Pods-PokeFinderTests.debug.xcconfig */ = {isa = PBXFileReference; includeInIndex = 1; lastKnownFileType = text.xcconfig; name = "Pods-PokeFinderTests.debug.xcconfig"; path = "Pods/Target Support Files/Pods-PokeFinderTests/Pods-PokeFinderTests.debug.xcconfig"; sourceTree = "<group>"; };
		4A6FA0330F861DABACAFE0F6 /* Pods_PokeFinder.framework */ = {isa = PBXFileReference; explicitFileType = wrapper.framework; includeInIndex = 0; path = Pods_PokeFinder.framework; sourceTree = BUILT_PRODUCTS_DIR; };
		5FE9082F36E92426FCA54029 /* Pods-PokeFinderUITests.release.xcconfig */ = {isa = PBXFileReference; includeInIndex = 1; lastKnownFileType = text.xcconfig; name = "Pods-PokeFinderUITests.release.xcconfig"; path = "Pods/Target Support Files/Pods-PokeFinderUITests/Pods-PokeFinderUITests.release.xcconfig"; sourceTree = "<group>"; };
		8434760E1E0AE50F00E81377 /* PokeAnnotation.swift */ = {isa = PBXFileReference; fileEncoding = 4; lastKnownFileType = sourcecode.swift; path = PokeAnnotation.swift; sourceTree = "<group>"; };
		84A95B021E09B7F500D7DB37 /* GeoFire.h */ = {isa = PBXFileReference; fileEncoding = 4; lastKnownFileType = sourcecode.c.h; path = GeoFire.h; sourceTree = "<group>"; };
		84A95B031E09B7F500D7DB37 /* GFCircleQuery.h */ = {isa = PBXFileReference; fileEncoding = 4; lastKnownFileType = sourcecode.c.h; path = GFCircleQuery.h; sourceTree = "<group>"; };
		84A95B041E09B7F500D7DB37 /* GFQuery.h */ = {isa = PBXFileReference; fileEncoding = 4; lastKnownFileType = sourcecode.c.h; path = GFQuery.h; sourceTree = "<group>"; };
		84A95B051E09B7F500D7DB37 /* GFRegionQuery.h */ = {isa = PBXFileReference; fileEncoding = 4; lastKnownFileType = sourcecode.c.h; path = GFRegionQuery.h; sourceTree = "<group>"; };
		84A95B061E09B7F500D7DB37 /* GeoFire-Prefix.pch */ = {isa = PBXFileReference; fileEncoding = 4; lastKnownFileType = sourcecode.c.h; path = "GeoFire-Prefix.pch"; sourceTree = "<group>"; };
		84A95B081E09B7F500D7DB37 /* GeoFire+Private.h */ = {isa = PBXFileReference; fileEncoding = 4; lastKnownFileType = sourcecode.c.h; path = "GeoFire+Private.h"; sourceTree = "<group>"; };
		84A95B091E09B7F500D7DB37 /* GeoFire.m */ = {isa = PBXFileReference; fileEncoding = 4; lastKnownFileType = sourcecode.c.objc; path = GeoFire.m; sourceTree = "<group>"; };
		84A95B0A1E09B7F500D7DB37 /* GFBase32Utils.h */ = {isa = PBXFileReference; fileEncoding = 4; lastKnownFileType = sourcecode.c.h; path = GFBase32Utils.h; sourceTree = "<group>"; };
		84A95B0B1E09B7F500D7DB37 /* GFBase32Utils.m */ = {isa = PBXFileReference; fileEncoding = 4; lastKnownFileType = sourcecode.c.objc; path = GFBase32Utils.m; sourceTree = "<group>"; };
		84A95B0C1E09B7F500D7DB37 /* GFGeoHash.h */ = {isa = PBXFileReference; fileEncoding = 4; lastKnownFileType = sourcecode.c.h; path = GFGeoHash.h; sourceTree = "<group>"; };
		84A95B0D1E09B7F500D7DB37 /* GFGeoHash.m */ = {isa = PBXFileReference; fileEncoding = 4; lastKnownFileType = sourcecode.c.objc; path = GFGeoHash.m; sourceTree = "<group>"; };
		84A95B0E1E09B7F500D7DB37 /* GFGeoHashQuery.h */ = {isa = PBXFileReference; fileEncoding = 4; lastKnownFileType = sourcecode.c.h; path = GFGeoHashQuery.h; sourceTree = "<group>"; };
		84A95B0F1E09B7F500D7DB37 /* GFGeoHashQuery.m */ = {isa = PBXFileReference; fileEncoding = 4; lastKnownFileType = sourcecode.c.objc; path = GFGeoHashQuery.m; sourceTree = "<group>"; };
		84A95B101E09B7F500D7DB37 /* GFQuery+Private.h */ = {isa = PBXFileReference; fileEncoding = 4; lastKnownFileType = sourcecode.c.h; path = "GFQuery+Private.h"; sourceTree = "<group>"; };
		84A95B111E09B7F500D7DB37 /* GFQuery.m */ = {isa = PBXFileReference; fileEncoding = 4; lastKnownFileType = sourcecode.c.objc; path = GFQuery.m; sourceTree = "<group>"; };
		84A95B171E09BA8200D7DB37 /* PokeFinder-Bridging-Header.h */ = {isa = PBXFileReference; fileEncoding = 4; lastKnownFileType = sourcecode.c.h; path = "PokeFinder-Bridging-Header.h"; sourceTree = "<group>"; };
		84C065C61E05348F00C9B366 /* PokeFinder.app */ = {isa = PBXFileReference; explicitFileType = wrapper.application; includeInIndex = 0; path = PokeFinder.app; sourceTree = BUILT_PRODUCTS_DIR; };
		84C065C91E05348F00C9B366 /* AppDelegate.swift */ = {isa = PBXFileReference; lastKnownFileType = sourcecode.swift; path = AppDelegate.swift; sourceTree = "<group>"; };
		84C065CB1E05348F00C9B366 /* ViewController.swift */ = {isa = PBXFileReference; lastKnownFileType = sourcecode.swift; path = ViewController.swift; sourceTree = "<group>"; };
		84C065CE1E05348F00C9B366 /* Base */ = {isa = PBXFileReference; lastKnownFileType = file.storyboard; name = Base; path = Base.lproj/Main.storyboard; sourceTree = "<group>"; };
		84C065D11E05348F00C9B366 /* PokeFinder.xcdatamodel */ = {isa = PBXFileReference; lastKnownFileType = wrapper.xcdatamodel; path = PokeFinder.xcdatamodel; sourceTree = "<group>"; };
		84C065D31E05348F00C9B366 /* Assets.xcassets */ = {isa = PBXFileReference; lastKnownFileType = folder.assetcatalog; path = Assets.xcassets; sourceTree = "<group>"; };
		84C065D61E05348F00C9B366 /* Base */ = {isa = PBXFileReference; lastKnownFileType = file.storyboard; name = Base; path = Base.lproj/LaunchScreen.storyboard; sourceTree = "<group>"; };
		84C065D81E05348F00C9B366 /* Info.plist */ = {isa = PBXFileReference; lastKnownFileType = text.plist.xml; path = Info.plist; sourceTree = "<group>"; };
		84C065DD1E05348F00C9B366 /* PokeFinderTests.xctest */ = {isa = PBXFileReference; explicitFileType = wrapper.cfbundle; includeInIndex = 0; path = PokeFinderTests.xctest; sourceTree = BUILT_PRODUCTS_DIR; };
		84C065E11E05348F00C9B366 /* PokeFinderTests.swift */ = {isa = PBXFileReference; lastKnownFileType = sourcecode.swift; path = PokeFinderTests.swift; sourceTree = "<group>"; };
		84C065E31E05348F00C9B366 /* Info.plist */ = {isa = PBXFileReference; lastKnownFileType = text.plist.xml; path = Info.plist; sourceTree = "<group>"; };
		84C065E81E05348F00C9B366 /* PokeFinderUITests.xctest */ = {isa = PBXFileReference; explicitFileType = wrapper.cfbundle; includeInIndex = 0; path = PokeFinderUITests.xctest; sourceTree = BUILT_PRODUCTS_DIR; };
		84C065EC1E05348F00C9B366 /* PokeFinderUITests.swift */ = {isa = PBXFileReference; lastKnownFileType = sourcecode.swift; path = PokeFinderUITests.swift; sourceTree = "<group>"; };
		84C065EE1E05348F00C9B366 /* Info.plist */ = {isa = PBXFileReference; lastKnownFileType = text.plist.xml; path = Info.plist; sourceTree = "<group>"; };
		84E18D2C1E0AE15F005ECCAD /* GoogleService-Info.plist */ = {isa = PBXFileReference; fileEncoding = 4; lastKnownFileType = text.plist.xml; path = "GoogleService-Info.plist"; sourceTree = "<group>"; };
		84FC50D51E0C266100D1FC1D /* pokemon.csv */ = {isa = PBXFileReference; fileEncoding = 4; lastKnownFileType = text; path = pokemon.csv; sourceTree = "<group>"; };
		C92C596B751ACCD8C49D6600 /* Pods-PokeFinderUITests.debug.xcconfig */ = {isa = PBXFileReference; includeInIndex = 1; lastKnownFileType = text.xcconfig; name = "Pods-PokeFinderUITests.debug.xcconfig"; path = "Pods/Target Support Files/Pods-PokeFinderUITests/Pods-PokeFinderUITests.debug.xcconfig"; sourceTree = "<group>"; };
		E01BDA1CE7CC749FD6C98522 /* Pods-PokeFinder.debug.xcconfig */ = {isa = PBXFileReference; includeInIndex = 1; lastKnownFileType = text.xcconfig; name = "Pods-PokeFinder.debug.xcconfig"; path = "Pods/Target Support Files/Pods-PokeFinder/Pods-PokeFinder.debug.xcconfig"; sourceTree = "<group>"; };
/* End PBXFileReference section */

/* Begin PBXFrameworksBuildPhase section */
		84C065C31E05348F00C9B366 /* Frameworks */ = {
			isa = PBXFrameworksBuildPhase;
			buildActionMask = 2147483647;
			files = (
				446D15CDD3C4C3AA5B725D11 /* Pods_PokeFinder.framework in Frameworks */,
			);
			runOnlyForDeploymentPostprocessing = 0;
		};
		84C065DA1E05348F00C9B366 /* Frameworks */ = {
			isa = PBXFrameworksBuildPhase;
			buildActionMask = 2147483647;
			files = (
				4ABD3BEEAD217F5395037332 /* Pods_PokeFinderTests.framework in Frameworks */,
			);
			runOnlyForDeploymentPostprocessing = 0;
		};
		84C065E51E05348F00C9B366 /* Frameworks */ = {
			isa = PBXFrameworksBuildPhase;
			buildActionMask = 2147483647;
			files = (
				1673F5BB398B918EB043A402 /* Pods_PokeFinderUITests.framework in Frameworks */,
			);
			runOnlyForDeploymentPostprocessing = 0;
		};
/* End PBXFrameworksBuildPhase section */

/* Begin PBXGroup section */
		84A95B001E09B7F500D7DB37 /* GeoFire */ = {
			isa = PBXGroup;
			children = (
				84A95B011E09B7F500D7DB37 /* API */,
				84A95B061E09B7F500D7DB37 /* GeoFire-Prefix.pch */,
				84A95B071E09B7F500D7DB37 /* Implementation */,
			);
			path = GeoFire;
			sourceTree = "<group>";
		};
		84A95B011E09B7F500D7DB37 /* API */ = {
			isa = PBXGroup;
			children = (
				84A95B021E09B7F500D7DB37 /* GeoFire.h */,
				84A95B031E09B7F500D7DB37 /* GFCircleQuery.h */,
				84A95B041E09B7F500D7DB37 /* GFQuery.h */,
				84A95B051E09B7F500D7DB37 /* GFRegionQuery.h */,
			);
			path = API;
			sourceTree = "<group>";
		};
		84A95B071E09B7F500D7DB37 /* Implementation */ = {
			isa = PBXGroup;
			children = (
				84A95B081E09B7F500D7DB37 /* GeoFire+Private.h */,
				84A95B091E09B7F500D7DB37 /* GeoFire.m */,
				84A95B0A1E09B7F500D7DB37 /* GFBase32Utils.h */,
				84A95B0B1E09B7F500D7DB37 /* GFBase32Utils.m */,
				84A95B0C1E09B7F500D7DB37 /* GFGeoHash.h */,
				84A95B0D1E09B7F500D7DB37 /* GFGeoHash.m */,
				84A95B0E1E09B7F500D7DB37 /* GFGeoHashQuery.h */,
				84A95B0F1E09B7F500D7DB37 /* GFGeoHashQuery.m */,
				84A95B101E09B7F500D7DB37 /* GFQuery+Private.h */,
				84A95B111E09B7F500D7DB37 /* GFQuery.m */,
			);
			path = Implementation;
			sourceTree = "<group>";
		};
		84A95B181E09F3A300D7DB37 /* Controller */ = {
			isa = PBXGroup;
			children = (
				84C065CB1E05348F00C9B366 /* ViewController.swift */,
			);
			name = Controller;
			sourceTree = "<group>";
		};
		84A95B191E09F3AF00D7DB37 /* Model */ = {
			isa = PBXGroup;
			children = (
				8434760E1E0AE50F00E81377 /* PokeAnnotation.swift */,
			);
			name = Model;
			sourceTree = "<group>";
		};
		84A95B1A1E09F3BA00D7DB37 /* New Group */ = {
			isa = PBXGroup;
			children = (
			);
			name = "New Group";
			sourceTree = "<group>";
		};
		84C065BD1E05348F00C9B366 = {
			isa = PBXGroup;
			children = (
				84C065C81E05348F00C9B366 /* PokeFinder */,
				84C065E01E05348F00C9B366 /* PokeFinderTests */,
				84C065EB1E05348F00C9B366 /* PokeFinderUITests */,
				84C065C71E05348F00C9B366 /* Products */,
				B37094D7CD41870EA51D44D9 /* Pods */,
				E547693257736F7BE039FBF0 /* Frameworks */,
			);
			sourceTree = "<group>";
		};
		84C065C71E05348F00C9B366 /* Products */ = {
			isa = PBXGroup;
			children = (
				84C065C61E05348F00C9B366 /* PokeFinder.app */,
				84C065DD1E05348F00C9B366 /* PokeFinderTests.xctest */,
				84C065E81E05348F00C9B366 /* PokeFinderUITests.xctest */,
			);
			name = Products;
			sourceTree = "<group>";
		};
		84C065C81E05348F00C9B366 /* PokeFinder */ = {
			isa = PBXGroup;
			children = (
				84A95B1A1E09F3BA00D7DB37 /* New Group */,
				84A95B191E09F3AF00D7DB37 /* Model */,
				84A95B181E09F3A300D7DB37 /* Controller */,
				84A95B001E09B7F500D7DB37 /* GeoFire */,
				84C065C91E05348F00C9B366 /* AppDelegate.swift */,
				84A95B171E09BA8200D7DB37 /* PokeFinder-Bridging-Header.h */,
				84C065D81E05348F00C9B366 /* Info.plist */,
				84E18D2C1E0AE15F005ECCAD /* GoogleService-Info.plist */,
				84C065D31E05348F00C9B366 /* Assets.xcassets */,
				84FC50D51E0C266100D1FC1D /* pokemon.csv */,
				84C065D51E05348F00C9B366 /* LaunchScreen.storyboard */,
				84C065CD1E05348F00C9B366 /* Main.storyboard */,
				84C065D01E05348F00C9B366 /* PokeFinder.xcdatamodeld */,
			);
			path = PokeFinder;
			sourceTree = "<group>";
		};
		84C065E01E05348F00C9B366 /* PokeFinderTests */ = {
			isa = PBXGroup;
			children = (
				84C065E11E05348F00C9B366 /* PokeFinderTests.swift */,
				84C065E31E05348F00C9B366 /* Info.plist */,
			);
			path = PokeFinderTests;
			sourceTree = "<group>";
		};
		84C065EB1E05348F00C9B366 /* PokeFinderUITests */ = {
			isa = PBXGroup;
			children = (
				84C065EC1E05348F00C9B366 /* PokeFinderUITests.swift */,
				84C065EE1E05348F00C9B366 /* Info.plist */,
			);
			path = PokeFinderUITests;
			sourceTree = "<group>";
		};
		B37094D7CD41870EA51D44D9 /* Pods */ = {
			isa = PBXGroup;
			children = (
				E01BDA1CE7CC749FD6C98522 /* Pods-PokeFinder.debug.xcconfig */,
				202264A8575CD6EB3977EBE8 /* Pods-PokeFinder.release.xcconfig */,
				389157924AFB51E1F80E3A23 /* Pods-PokeFinderTests.debug.xcconfig */,
				0DD0EE27DDD8F19FBCC477A3 /* Pods-PokeFinderTests.release.xcconfig */,
				C92C596B751ACCD8C49D6600 /* Pods-PokeFinderUITests.debug.xcconfig */,
				5FE9082F36E92426FCA54029 /* Pods-PokeFinderUITests.release.xcconfig */,
			);
			name = Pods;
			sourceTree = "<group>";
		};
		E547693257736F7BE039FBF0 /* Frameworks */ = {
			isa = PBXGroup;
			children = (
				4A6FA0330F861DABACAFE0F6 /* Pods_PokeFinder.framework */,
				275ED71EAE481BAE4923215D /* Pods_PokeFinderTests.framework */,
				17AC45DF8E90107A11F1B5FB /* Pods_PokeFinderUITests.framework */,
			);
			name = Frameworks;
			sourceTree = "<group>";
		};
/* End PBXGroup section */

/* Begin PBXNativeTarget section */
		84C065C51E05348F00C9B366 /* PokeFinder */ = {
			isa = PBXNativeTarget;
			buildConfigurationList = 84C065F11E05348F00C9B366 /* Build configuration list for PBXNativeTarget "PokeFinder" */;
			buildPhases = (
				469DC7419B3A4C262935E09D /* [CP] Check Pods Manifest.lock */,
				84C065C21E05348F00C9B366 /* Sources */,
				84C065C31E05348F00C9B366 /* Frameworks */,
				84C065C41E05348F00C9B366 /* Resources */,
				E26DDCC958C47CCD33D660F0 /* [CP] Embed Pods Frameworks */,
				37FEF454D21A8CA959B3AF3A /* [CP] Copy Pods Resources */,
			);
			buildRules = (
			);
			dependencies = (
			);
			name = PokeFinder;
			productName = PokeFinder;
			productReference = 84C065C61E05348F00C9B366 /* PokeFinder.app */;
			productType = "com.apple.product-type.application";
		};
		84C065DC1E05348F00C9B366 /* PokeFinderTests */ = {
			isa = PBXNativeTarget;
			buildConfigurationList = 84C065F41E05348F00C9B366 /* Build configuration list for PBXNativeTarget "PokeFinderTests" */;
			buildPhases = (
				E6986DE1CBE92F71F4D05921 /* [CP] Check Pods Manifest.lock */,
				84C065D91E05348F00C9B366 /* Sources */,
				84C065DA1E05348F00C9B366 /* Frameworks */,
				84C065DB1E05348F00C9B366 /* Resources */,
				708C4F4CA85B982EF807A081 /* [CP] Embed Pods Frameworks */,
				F6CEFD635B9FCEAC260CA94B /* [CP] Copy Pods Resources */,
			);
			buildRules = (
			);
			dependencies = (
				84C065DF1E05348F00C9B366 /* PBXTargetDependency */,
			);
			name = PokeFinderTests;
			productName = PokeFinderTests;
			productReference = 84C065DD1E05348F00C9B366 /* PokeFinderTests.xctest */;
			productType = "com.apple.product-type.bundle.unit-test";
		};
		84C065E71E05348F00C9B366 /* PokeFinderUITests */ = {
			isa = PBXNativeTarget;
			buildConfigurationList = 84C065F71E05348F00C9B366 /* Build configuration list for PBXNativeTarget "PokeFinderUITests" */;
			buildPhases = (
				A11DC163CDF55A5DBF2D7DF8 /* [CP] Check Pods Manifest.lock */,
				84C065E41E05348F00C9B366 /* Sources */,
				84C065E51E05348F00C9B366 /* Frameworks */,
				84C065E61E05348F00C9B366 /* Resources */,
				206DEEAFFB0BFCA1E6E582C0 /* [CP] Embed Pods Frameworks */,
				A4F63F27A221F449C021A39B /* [CP] Copy Pods Resources */,
			);
			buildRules = (
			);
			dependencies = (
				84C065EA1E05348F00C9B366 /* PBXTargetDependency */,
			);
			name = PokeFinderUITests;
			productName = PokeFinderUITests;
			productReference = 84C065E81E05348F00C9B366 /* PokeFinderUITests.xctest */;
			productType = "com.apple.product-type.bundle.ui-testing";
		};
/* End PBXNativeTarget section */

/* Begin PBXProject section */
		84C065BE1E05348F00C9B366 /* Project object */ = {
			isa = PBXProject;
			attributes = {
				LastSwiftUpdateCheck = 0800;
				LastUpgradeCheck = 0800;
				ORGANIZATIONNAME = "Ashcott Monrovia, Inc.";
				TargetAttributes = {
					84C065C51E05348F00C9B366 = {
						CreatedOnToolsVersion = 8.0;
						DevelopmentTeam = 8MTTP7Q223;
						ProvisioningStyle = Automatic;
					};
					84C065DC1E05348F00C9B366 = {
						CreatedOnToolsVersion = 8.0;
						DevelopmentTeam = 8MTTP7Q223;
						ProvisioningStyle = Automatic;
						TestTargetID = 84C065C51E05348F00C9B366;
					};
					84C065E71E05348F00C9B366 = {
						CreatedOnToolsVersion = 8.0;
						DevelopmentTeam = 8MTTP7Q223;
						ProvisioningStyle = Automatic;
						TestTargetID = 84C065C51E05348F00C9B366;
					};
				};
			};
			buildConfigurationList = 84C065C11E05348F00C9B366 /* Build configuration list for PBXProject "PokeFinder" */;
			compatibilityVersion = "Xcode 3.2";
			developmentRegion = English;
			hasScannedForEncodings = 0;
			knownRegions = (
				en,
				Base,
			);
			mainGroup = 84C065BD1E05348F00C9B366;
			productRefGroup = 84C065C71E05348F00C9B366 /* Products */;
			projectDirPath = "";
			projectRoot = "";
			targets = (
				84C065C51E05348F00C9B366 /* PokeFinder */,
				84C065DC1E05348F00C9B366 /* PokeFinderTests */,
				84C065E71E05348F00C9B366 /* PokeFinderUITests */,
			);
		};
/* End PBXProject section */

/* Begin PBXResourcesBuildPhase section */
		84C065C41E05348F00C9B366 /* Resources */ = {
			isa = PBXResourcesBuildPhase;
			buildActionMask = 2147483647;
			files = (
				84C065D71E05348F00C9B366 /* LaunchScreen.storyboard in Resources */,
				84E18D2D1E0AE15F005ECCAD /* GoogleService-Info.plist in Resources */,
				84C065D41E05348F00C9B366 /* Assets.xcassets in Resources */,
				84C065CF1E05348F00C9B366 /* Main.storyboard in Resources */,
				84FC50D61E0C266100D1FC1D /* pokemon.csv in Resources */,
			);
			runOnlyForDeploymentPostprocessing = 0;
		};
		84C065DB1E05348F00C9B366 /* Resources */ = {
			isa = PBXResourcesBuildPhase;
			buildActionMask = 2147483647;
			files = (
			);
			runOnlyForDeploymentPostprocessing = 0;
		};
		84C065E61E05348F00C9B366 /* Resources */ = {
			isa = PBXResourcesBuildPhase;
			buildActionMask = 2147483647;
			files = (
			);
			runOnlyForDeploymentPostprocessing = 0;
		};
/* End PBXResourcesBuildPhase section */

/* Begin PBXShellScriptBuildPhase section */
		206DEEAFFB0BFCA1E6E582C0 /* [CP] Embed Pods Frameworks */ = {
			isa = PBXShellScriptBuildPhase;
			buildActionMask = 2147483647;
			files = (
			);
			inputPaths = (
			);
			name = "[CP] Embed Pods Frameworks";
			outputPaths = (
			);
			runOnlyForDeploymentPostprocessing = 0;
			shellPath = /bin/sh;
			shellScript = "\"${SRCROOT}/Pods/Target Support Files/Pods-PokeFinderUITests/Pods-PokeFinderUITests-frameworks.sh\"\n";
			showEnvVarsInLog = 0;
		};
		37FEF454D21A8CA959B3AF3A /* [CP] Copy Pods Resources */ = {
			isa = PBXShellScriptBuildPhase;
			buildActionMask = 2147483647;
			files = (
			);
			inputPaths = (
			);
			name = "[CP] Copy Pods Resources";
			outputPaths = (
			);
			runOnlyForDeploymentPostprocessing = 0;
			shellPath = /bin/sh;
			shellScript = "\"${SRCROOT}/Pods/Target Support Files/Pods-PokeFinder/Pods-PokeFinder-resources.sh\"\n";
			showEnvVarsInLog = 0;
		};
		469DC7419B3A4C262935E09D /* [CP] Check Pods Manifest.lock */ = {
			isa = PBXShellScriptBuildPhase;
			buildActionMask = 2147483647;
			files = (
			);
			inputPaths = (
			);
			name = "[CP] Check Pods Manifest.lock";
			outputPaths = (
			);
			runOnlyForDeploymentPostprocessing = 0;
			shellPath = /bin/sh;
			shellScript = "diff \"${PODS_ROOT}/../Podfile.lock\" \"${PODS_ROOT}/Manifest.lock\" > /dev/null\nif [ $? != 0 ] ; then\n    # print error to STDERR\n    echo \"error: The sandbox is not in sync with the Podfile.lock. Run 'pod install' or update your CocoaPods installation.\" >&2\n    exit 1\nfi\n";
			showEnvVarsInLog = 0;
		};
		708C4F4CA85B982EF807A081 /* [CP] Embed Pods Frameworks */ = {
			isa = PBXShellScriptBuildPhase;
			buildActionMask = 2147483647;
			files = (
			);
			inputPaths = (
			);
			name = "[CP] Embed Pods Frameworks";
			outputPaths = (
			);
			runOnlyForDeploymentPostprocessing = 0;
			shellPath = /bin/sh;
			shellScript = "\"${SRCROOT}/Pods/Target Support Files/Pods-PokeFinderTests/Pods-PokeFinderTests-frameworks.sh\"\n";
			showEnvVarsInLog = 0;
		};
		A11DC163CDF55A5DBF2D7DF8 /* [CP] Check Pods Manifest.lock */ = {
			isa = PBXShellScriptBuildPhase;
			buildActionMask = 2147483647;
			files = (
			);
			inputPaths = (
			);
			name = "[CP] Check Pods Manifest.lock";
			outputPaths = (
			);
			runOnlyForDeploymentPostprocessing = 0;
			shellPath = /bin/sh;
			shellScript = "diff \"${PODS_ROOT}/../Podfile.lock\" \"${PODS_ROOT}/Manifest.lock\" > /dev/null\nif [ $? != 0 ] ; then\n    # print error to STDERR\n    echo \"error: The sandbox is not in sync with the Podfile.lock. Run 'pod install' or update your CocoaPods installation.\" >&2\n    exit 1\nfi\n";
			showEnvVarsInLog = 0;
		};
		A4F63F27A221F449C021A39B /* [CP] Copy Pods Resources */ = {
			isa = PBXShellScriptBuildPhase;
			buildActionMask = 2147483647;
			files = (
			);
			inputPaths = (
			);
			name = "[CP] Copy Pods Resources";
			outputPaths = (
			);
			runOnlyForDeploymentPostprocessing = 0;
			shellPath = /bin/sh;
			shellScript = "\"${SRCROOT}/Pods/Target Support Files/Pods-PokeFinderUITests/Pods-PokeFinderUITests-resources.sh\"\n";
			showEnvVarsInLog = 0;
		};
		E26DDCC958C47CCD33D660F0 /* [CP] Embed Pods Frameworks */ = {
			isa = PBXShellScriptBuildPhase;
			buildActionMask = 2147483647;
			files = (
			);
			inputPaths = (
			);
			name = "[CP] Embed Pods Frameworks";
			outputPaths = (
			);
			runOnlyForDeploymentPostprocessing = 0;
			shellPath = /bin/sh;
			shellScript = "\"${SRCROOT}/Pods/Target Support Files/Pods-PokeFinder/Pods-PokeFinder-frameworks.sh\"\n";
			showEnvVarsInLog = 0;
		};
		E6986DE1CBE92F71F4D05921 /* [CP] Check Pods Manifest.lock */ = {
			isa = PBXShellScriptBuildPhase;
			buildActionMask = 2147483647;
			files = (
			);
			inputPaths = (
			);
			name = "[CP] Check Pods Manifest.lock";
			outputPaths = (
			);
			runOnlyForDeploymentPostprocessing = 0;
			shellPath = /bin/sh;
			shellScript = "diff \"${PODS_ROOT}/../Podfile.lock\" \"${PODS_ROOT}/Manifest.lock\" > /dev/null\nif [ $? != 0 ] ; then\n    # print error to STDERR\n    echo \"error: The sandbox is not in sync with the Podfile.lock. Run 'pod install' or update your CocoaPods installation.\" >&2\n    exit 1\nfi\n";
			showEnvVarsInLog = 0;
		};
		F6CEFD635B9FCEAC260CA94B /* [CP] Copy Pods Resources */ = {
			isa = PBXShellScriptBuildPhase;
			buildActionMask = 2147483647;
			files = (
			);
			inputPaths = (
			);
			name = "[CP] Copy Pods Resources";
			outputPaths = (
			);
			runOnlyForDeploymentPostprocessing = 0;
			shellPath = /bin/sh;
			shellScript = "\"${SRCROOT}/Pods/Target Support Files/Pods-PokeFinderTests/Pods-PokeFinderTests-resources.sh\"\n";
			showEnvVarsInLog = 0;
		};
/* End PBXShellScriptBuildPhase section */

/* Begin PBXSourcesBuildPhase section */
		84C065C21E05348F00C9B366 /* Sources */ = {
			isa = PBXSourcesBuildPhase;
			buildActionMask = 2147483647;
			files = (
				84C065CC1E05348F00C9B366 /* ViewController.swift in Sources */,
				84A95B131E09B7F500D7DB37 /* GFBase32Utils.m in Sources */,
				84A95B151E09B7F500D7DB37 /* GFGeoHashQuery.m in Sources */,
				84A95B121E09B7F500D7DB37 /* GeoFire.m in Sources */,
				84C065D21E05348F00C9B366 /* PokeFinder.xcdatamodeld in Sources */,
				84A95B141E09B7F500D7DB37 /* GFGeoHash.m in Sources */,
				84C065CA1E05348F00C9B366 /* AppDelegate.swift in Sources */,
				8434760F1E0AE50F00E81377 /* PokeAnnotation.swift in Sources */,
				84A95B161E09B7F500D7DB37 /* GFQuery.m in Sources */,
			);
			runOnlyForDeploymentPostprocessing = 0;
		};
		84C065D91E05348F00C9B366 /* Sources */ = {
			isa = PBXSourcesBuildPhase;
			buildActionMask = 2147483647;
			files = (
				84C065E21E05348F00C9B366 /* PokeFinderTests.swift in Sources */,
			);
			runOnlyForDeploymentPostprocessing = 0;
		};
		84C065E41E05348F00C9B366 /* Sources */ = {
			isa = PBXSourcesBuildPhase;
			buildActionMask = 2147483647;
			files = (
				84C065ED1E05348F00C9B366 /* PokeFinderUITests.swift in Sources */,
			);
			runOnlyForDeploymentPostprocessing = 0;
		};
/* End PBXSourcesBuildPhase section */

/* Begin PBXTargetDependency section */
		84C065DF1E05348F00C9B366 /* PBXTargetDependency */ = {
			isa = PBXTargetDependency;
			target = 84C065C51E05348F00C9B366 /* PokeFinder */;
			targetProxy = 84C065DE1E05348F00C9B366 /* PBXContainerItemProxy */;
		};
		84C065EA1E05348F00C9B366 /* PBXTargetDependency */ = {
			isa = PBXTargetDependency;
			target = 84C065C51E05348F00C9B366 /* PokeFinder */;
			targetProxy = 84C065E91E05348F00C9B366 /* PBXContainerItemProxy */;
		};
/* End PBXTargetDependency section */

/* Begin PBXVariantGroup section */
		84C065CD1E05348F00C9B366 /* Main.storyboard */ = {
			isa = PBXVariantGroup;
			children = (
				84C065CE1E05348F00C9B366 /* Base */,
			);
			name = Main.storyboard;
			sourceTree = "<group>";
		};
		84C065D51E05348F00C9B366 /* LaunchScreen.storyboard */ = {
			isa = PBXVariantGroup;
			children = (
				84C065D61E05348F00C9B366 /* Base */,
			);
			name = LaunchScreen.storyboard;
			sourceTree = "<group>";
		};
/* End PBXVariantGroup section */

/* Begin XCBuildConfiguration section */
		84C065EF1E05348F00C9B366 /* Debug */ = {
			isa = XCBuildConfiguration;
			buildSettings = {
				ALWAYS_SEARCH_USER_PATHS = NO;
				CLANG_ANALYZER_NONNULL = YES;
				CLANG_CXX_LANGUAGE_STANDARD = "gnu++0x";
				CLANG_CXX_LIBRARY = "libc++";
				CLANG_ENABLE_MODULES = YES;
				CLANG_ENABLE_OBJC_ARC = YES;
				CLANG_WARN_BOOL_CONVERSION = YES;
				CLANG_WARN_CONSTANT_CONVERSION = YES;
				CLANG_WARN_DIRECT_OBJC_ISA_USAGE = YES_ERROR;
				CLANG_WARN_DOCUMENTATION_COMMENTS = YES;
				CLANG_WARN_EMPTY_BODY = YES;
				CLANG_WARN_ENUM_CONVERSION = YES;
				CLANG_WARN_INFINITE_RECURSION = YES;
				CLANG_WARN_INT_CONVERSION = YES;
				CLANG_WARN_OBJC_ROOT_CLASS = YES_ERROR;
				CLANG_WARN_SUSPICIOUS_MOVES = YES;
				CLANG_WARN_UNREACHABLE_CODE = YES;
				CLANG_WARN__DUPLICATE_METHOD_MATCH = YES;
				"CODE_SIGN_IDENTITY[sdk=iphoneos*]" = "iPhone Developer";
				COPY_PHASE_STRIP = NO;
				DEBUG_INFORMATION_FORMAT = dwarf;
				ENABLE_STRICT_OBJC_MSGSEND = YES;
				ENABLE_TESTABILITY = YES;
				GCC_C_LANGUAGE_STANDARD = gnu99;
				GCC_DYNAMIC_NO_PIC = NO;
				GCC_NO_COMMON_BLOCKS = YES;
				GCC_OPTIMIZATION_LEVEL = 0;
				GCC_PREPROCESSOR_DEFINITIONS = (
					"DEBUG=1",
					"$(inherited)",
				);
				GCC_WARN_64_TO_32_BIT_CONVERSION = YES;
				GCC_WARN_ABOUT_RETURN_TYPE = YES_ERROR;
				GCC_WARN_UNDECLARED_SELECTOR = YES;
				GCC_WARN_UNINITIALIZED_AUTOS = YES_AGGRESSIVE;
				GCC_WARN_UNUSED_FUNCTION = YES;
				GCC_WARN_UNUSED_VARIABLE = YES;
				IPHONEOS_DEPLOYMENT_TARGET = 10.0;
				MTL_ENABLE_DEBUG_INFO = YES;
				ONLY_ACTIVE_ARCH = YES;
				SDKROOT = iphoneos;
				SWIFT_ACTIVE_COMPILATION_CONDITIONS = DEBUG;
				SWIFT_OPTIMIZATION_LEVEL = "-Onone";
				TARGETED_DEVICE_FAMILY = "1,2";
			};
			name = Debug;
		};
		84C065F01E05348F00C9B366 /* Release */ = {
			isa = XCBuildConfiguration;
			buildSettings = {
				ALWAYS_SEARCH_USER_PATHS = NO;
				CLANG_ANALYZER_NONNULL = YES;
				CLANG_CXX_LANGUAGE_STANDARD = "gnu++0x";
				CLANG_CXX_LIBRARY = "libc++";
				CLANG_ENABLE_MODULES = YES;
				CLANG_ENABLE_OBJC_ARC = YES;
				CLANG_WARN_BOOL_CONVERSION = YES;
				CLANG_WARN_CONSTANT_CONVERSION = YES;
				CLANG_WARN_DIRECT_OBJC_ISA_USAGE = YES_ERROR;
				CLANG_WARN_DOCUMENTATION_COMMENTS = YES;
				CLANG_WARN_EMPTY_BODY = YES;
				CLANG_WARN_ENUM_CONVERSION = YES;
				CLANG_WARN_INFINITE_RECURSION = YES;
				CLANG_WARN_INT_CONVERSION = YES;
				CLANG_WARN_OBJC_ROOT_CLASS = YES_ERROR;
				CLANG_WARN_SUSPICIOUS_MOVES = YES;
				CLANG_WARN_UNREACHABLE_CODE = YES;
				CLANG_WARN__DUPLICATE_METHOD_MATCH = YES;
				"CODE_SIGN_IDENTITY[sdk=iphoneos*]" = "iPhone Developer";
				COPY_PHASE_STRIP = NO;
				DEBUG_INFORMATION_FORMAT = "dwarf-with-dsym";
				ENABLE_NS_ASSERTIONS = NO;
				ENABLE_STRICT_OBJC_MSGSEND = YES;
				GCC_C_LANGUAGE_STANDARD = gnu99;
				GCC_NO_COMMON_BLOCKS = YES;
				GCC_WARN_64_TO_32_BIT_CONVERSION = YES;
				GCC_WARN_ABOUT_RETURN_TYPE = YES_ERROR;
				GCC_WARN_UNDECLARED_SELECTOR = YES;
				GCC_WARN_UNINITIALIZED_AUTOS = YES_AGGRESSIVE;
				GCC_WARN_UNUSED_FUNCTION = YES;
				GCC_WARN_UNUSED_VARIABLE = YES;
				IPHONEOS_DEPLOYMENT_TARGET = 10.0;
				MTL_ENABLE_DEBUG_INFO = NO;
				SDKROOT = iphoneos;
				SWIFT_OPTIMIZATION_LEVEL = "-Owholemodule";
				TARGETED_DEVICE_FAMILY = "1,2";
				VALIDATE_PRODUCT = YES;
			};
			name = Release;
		};
		84C065F21E05348F00C9B366 /* Debug */ = {
			isa = XCBuildConfiguration;
			baseConfigurationReference = E01BDA1CE7CC749FD6C98522 /* Pods-PokeFinder.debug.xcconfig */;
			buildSettings = {
				ASSETCATALOG_COMPILER_APPICON_NAME = AppIcon;
				DEVELOPMENT_TEAM = 8MTTP7Q223;
				INFOPLIST_FILE = PokeFinder/Info.plist;
				LD_RUNPATH_SEARCH_PATHS = "$(inherited) @executable_path/Frameworks";
				ONLY_ACTIVE_ARCH = YES;
				PRODUCT_BUNDLE_IDENTIFIER = io.ashcott.PokeFinder;
				PRODUCT_NAME = "$(TARGET_NAME)";
				SWIFT_OBJC_BRIDGING_HEADER = "PokeFinder/PokeFinder-Bridging-Header.h";
				SWIFT_VERSION = 3.0;
			};
			name = Debug;
		};
		84C065F31E05348F00C9B366 /* Release */ = {
			isa = XCBuildConfiguration;
			baseConfigurationReference = 202264A8575CD6EB3977EBE8 /* Pods-PokeFinder.release.xcconfig */;
			buildSettings = {
				ASSETCATALOG_COMPILER_APPICON_NAME = AppIcon;
				DEVELOPMENT_TEAM = 8MTTP7Q223;
				INFOPLIST_FILE = PokeFinder/Info.plist;
				LD_RUNPATH_SEARCH_PATHS = "$(inherited) @executable_path/Frameworks";
				ONLY_ACTIVE_ARCH = NO;
				PRODUCT_BUNDLE_IDENTIFIER = io.ashcott.PokeFinder;
				PRODUCT_NAME = "$(TARGET_NAME)";
				SWIFT_OBJC_BRIDGING_HEADER = "PokeFinder/PokeFinder-Bridging-Header.h";
				SWIFT_VERSION = 3.0;
			};
			name = Release;
		};
		84C065F51E05348F00C9B366 /* Debug */ = {
			isa = XCBuildConfiguration;
			baseConfigurationReference = 389157924AFB51E1F80E3A23 /* Pods-PokeFinderTests.debug.xcconfig */;
			buildSettings = {
				ALWAYS_EMBED_SWIFT_STANDARD_LIBRARIES = YES;
				BUNDLE_LOADER = "$(TEST_HOST)";
				DEVELOPMENT_TEAM = 8MTTP7Q223;
				INFOPLIST_FILE = PokeFinderTests/Info.plist;
				LD_RUNPATH_SEARCH_PATHS = "$(inherited) @executable_path/Frameworks @loader_path/Frameworks";
				PRODUCT_BUNDLE_IDENTIFIER = io.ashcott.PokeFinderTests;
				PRODUCT_NAME = "$(TARGET_NAME)";
				SWIFT_VERSION = 3.0;
				TEST_HOST = "$(BUILT_PRODUCTS_DIR)/PokeFinder.app/PokeFinder";
			};
			name = Debug;
		};
		84C065F61E05348F00C9B366 /* Release */ = {
			isa = XCBuildConfiguration;
			baseConfigurationReference = 0DD0EE27DDD8F19FBCC477A3 /* Pods-PokeFinderTests.release.xcconfig */;
			buildSettings = {
				ALWAYS_EMBED_SWIFT_STANDARD_LIBRARIES = YES;
				BUNDLE_LOADER = "$(TEST_HOST)";
				DEVELOPMENT_TEAM = 8MTTP7Q223;
				INFOPLIST_FILE = PokeFinderTests/Info.plist;
				LD_RUNPATH_SEARCH_PATHS = "$(inherited) @executable_path/Frameworks @loader_path/Frameworks";
				PRODUCT_BUNDLE_IDENTIFIER = io.ashcott.PokeFinderTests;
				PRODUCT_NAME = "$(TARGET_NAME)";
				SWIFT_VERSION = 3.0;
				TEST_HOST = "$(BUILT_PRODUCTS_DIR)/PokeFinder.app/PokeFinder";
			};
			name = Release;
		};
		84C065F81E05348F00C9B366 /* Debug */ = {
			isa = XCBuildConfiguration;
			baseConfigurationReference = C92C596B751ACCD8C49D6600 /* Pods-PokeFinderUITests.debug.xcconfig */;
			buildSettings = {
				ALWAYS_EMBED_SWIFT_STANDARD_LIBRARIES = YES;
				DEVELOPMENT_TEAM = 8MTTP7Q223;
				INFOPLIST_FILE = PokeFinderUITests/Info.plist;
				LD_RUNPATH_SEARCH_PATHS = "$(inherited) @executable_path/Frameworks @loader_path/Frameworks";
				PRODUCT_BUNDLE_IDENTIFIER = io.ashcott.PokeFinderUITests;
				PRODUCT_NAME = "$(TARGET_NAME)";
				SWIFT_VERSION = 3.0;
				TEST_TARGET_NAME = PokeFinder;
			};
			name = Debug;
		};
		84C065F91E05348F00C9B366 /* Release */ = {
			isa = XCBuildConfiguration;
			baseConfigurationReference = 5FE9082F36E92426FCA54029 /* Pods-PokeFinderUITests.release.xcconfig */;
			buildSettings = {
				ALWAYS_EMBED_SWIFT_STANDARD_LIBRARIES = YES;
				DEVELOPMENT_TEAM = 8MTTP7Q223;
				INFOPLIST_FILE = PokeFinderUITests/Info.plist;
				LD_RUNPATH_SEARCH_PATHS = "$(inherited) @executable_path/Frameworks @loader_path/Frameworks";
				PRODUCT_BUNDLE_IDENTIFIER = io.ashcott.PokeFinderUITests;
				PRODUCT_NAME = "$(TARGET_NAME)";
				SWIFT_VERSION = 3.0;
				TEST_TARGET_NAME = PokeFinder;
			};
			name = Release;
		};
/* End XCBuildConfiguration section */

/* Begin XCConfigurationList section */
		84C065C11E05348F00C9B366 /* Build configuration list for PBXProject "PokeFinder" */ = {
			isa = XCConfigurationList;
			buildConfigurations = (
				84C065EF1E05348F00C9B366 /* Debug */,
				84C065F01E05348F00C9B366 /* Release */,
			);
			defaultConfigurationIsVisible = 0;
			defaultConfigurationName = Release;
		};
		84C065F11E05348F00C9B366 /* Build configuration list for PBXNativeTarget "PokeFinder" */ = {
			isa = XCConfigurationList;
			buildConfigurations = (
				84C065F21E05348F00C9B366 /* Debug */,
				84C065F31E05348F00C9B366 /* Release */,
			);
			defaultConfigurationIsVisible = 0;
			defaultConfigurationName = Release;
		};
		84C065F41E05348F00C9B366 /* Build configuration list for PBXNativeTarget "PokeFinderTests" */ = {
			isa = XCConfigurationList;
			buildConfigurations = (
				84C065F51E05348F00C9B366 /* Debug */,
				84C065F61E05348F00C9B366 /* Release */,
			);
			defaultConfigurationIsVisible = 0;
			defaultConfigurationName = Release;
		};
		84C065F71E05348F00C9B366 /* Build configuration list for PBXNativeTarget "PokeFinderUITests" */ = {
			isa = XCConfigurationList;
			buildConfigurations = (
				84C065F81E05348F00C9B366 /* Debug */,
				84C065F91E05348F00C9B366 /* Release */,
			);
			defaultConfigurationIsVisible = 0;
			defaultConfigurationName = Release;
		};
/* End XCConfigurationList section */

/* Begin XCVersionGroup section */
		84C065D01E05348F00C9B366 /* PokeFinder.xcdatamodeld */ = {
			isa = XCVersionGroup;
			children = (
				84C065D11E05348F00C9B366 /* PokeFinder.xcdatamodel */,
			);
			currentVersion = 84C065D11E05348F00C9B366 /* PokeFinder.xcdatamodel */;
			path = PokeFinder.xcdatamodeld;
			sourceTree = "<group>";
			versionGroupType = wrapper.xcdatamodel;
		};
/* End XCVersionGroup section */
	};
	rootObject = 84C065BE1E05348F00C9B366 /* Project object */;
}
